# This file is automatically @generated by Cargo.
# It is not intended for manual editing.
version = 4

[[package]]
name = "kay-cli"
version = "0.1.0"

[[package]]
name = "kay-core"
version = "0.1.0"

[[package]]
name = "kay-provider-openrouter"
version = "0.1.0"

[[package]]
name = "kay-sandbox-linux"
version = "0.1.0"

[[package]]
name = "kay-sandbox-macos"
version = "0.1.0"

[[package]]
name = "kay-sandbox-windows"
version = "0.1.0"

[[package]]
name = "kay-tauri"
version = "0.1.0"

[[package]]
name = "kay-tui"
version = "0.1.0"
